<?xml version="1.0" encoding="utf-8"?>
<Project ToolsVersion="4.0" xmlns="http://schemas.microsoft.com/developer/msbuild/2003">
  <ItemGroup>
    <Filter Include="Source Files">
      <UniqueIdentifier>{4FC737F1-C7A5-4376-A066-2A32D752A2FF}</UniqueIdentifier>
      <Extensions>cpp;c;cc;cxx;def;odl;idl;hpj;bat;asm;asmx</Extensions>
    </Filter>
    <Filter Include="Header Files">
      <UniqueIdentifier>{93995380-89BD-4b04-88EB-625FBE52EBFB}</UniqueIdentifier>
      <Extensions>h;hpp;hxx;hm;inl;inc;xsd</Extensions>
    </Filter>
    <Filter Include="Resource Files">
      <UniqueIdentifier>{67DA6AB6-F800-4c08-8B7A-83BB121AAD01}</UniqueIdentifier>
      <Extensions>rc;ico;cur;bmp;dlg;rc2;rct;bin;rgs;gif;jpg;jpeg;jpe;resx;tiff;tif;png;wav;mfcribbon-ms</Extensions>
    </Filter>
  </ItemGroup>
  <ItemGroup>
    <ClCompile Include="BinaryCodePartition.cpp">
      <Filter>Source Files</Filter>
    </ClCompile>
    <ClCompile Include="mexTestAllPerformance.cpp">
      <Filter>Source Files</Filter>
    </ClCompile>
    <ClCompile Include="Criterion.cpp">
      <Filter>Source Files</Filter>
    </ClCompile>
    <ClCompile Include="DistanceCalculator.cpp">
      <Filter>Source Files</Filter>
    </ClCompile>
    <ClCompile Include="AverageDistanceRatioCriterion.cpp">
      <Filter>Source Files</Filter>
    </ClCompile>
    <ClCompile Include="FixedTopksCriterion.cpp">
      <Filter>Source Files</Filter>
    </ClCompile>
    <ClCompile Include="HammingDistance.cpp">
      <Filter>Source Files</Filter>
    </ClCompile>
    <ClCompile Include="QueryOptDistance.cpp">
      <Filter>Source Files</Filter>
    </ClCompile>
    <ClCompile Include="DenseDistance.cpp">
      <Filter>Source Files</Filter>
    </ClCompile>
    <ClCompile Include="SearchEngine.cpp">
      <Filter>Source Files</Filter>
    </ClCompile>
    <ClCompile Include="mAPCriterion.cpp">
      <Filter>Source Files</Filter>
    </ClCompile>
  </ItemGroup>
  <ItemGroup>
    <ClInclude Include="BinaryCodePartition.h">
      <Filter>Header Files</Filter>
    </ClInclude>
    <ClInclude Include="Vector.h">
      <Filter>Header Files</Filter>
    </ClInclude>
    <ClInclude Include="SMatrix.h">
      <Filter>Header Files</Filter>
    </ClInclude>
    <ClInclude Include="TypeConvert.h">
      <Filter>Header Files</Filter>
    </ClInclude>
    <ClInclude Include="AssertMacro.h">
      <Filter>Header Files</Filter>
    </ClInclude>
    <ClInclude Include="DistanceCalculator.h">
      <Filter>Header Files</Filter>
    </ClInclude>
    <ClInclude Include="AverageDistanceRatioCriterion.h">
      <Filter>Header Files</Filter>
    </ClInclude>
    <ClInclude Include="Criterion.h">
      <Filter>Header Files</Filter>
    </ClInclude>
    <ClInclude Include="FixedTopksCriterion.h">
      <Filter>Header Files</Filter>
    </ClInclude>
    <ClInclude Include="HammingDistance.h">
      <Filter>Header Files</Filter>
    </ClInclude>
    <ClInclude Include="QueryOptDistance.h">
      <Filter>Header Files</Filter>
    </ClInclude>
    <ClInclude Include="types.h">
      <Filter>Header Files</Filter>
    </ClInclude>
    <ClInclude Include="LinearSearchEngine.h">
      <Filter>Header Files</Filter>
    </ClInclude>
    <ClInclude Include="PriorityQueue.h">
      <Filter>Header Files</Filter>
    </ClInclude>
    <ClInclude Include="SearchEngine.h">
      <Filter>Header Files</Filter>
    </ClInclude>
    <ClInclude Include="PerformanceOrganizer.h">
      <Filter>Header Files</Filter>
    </ClInclude>
  </ItemGroup>
</Project>